// !$*UTF8*$!
{
	archiveVersion = 1;
	classes = {
	};
	objectVersion = 56;
	objects = {

/* Begin PBXBuildFile section */
		844367782A501C7500A4FAA2 /* AppDelegate.swift in Sources */ = {isa = PBXBuildFile; fileRef = 844367772A501C7500A4FAA2 /* AppDelegate.swift */; };
		8443677A2A501C7500A4FAA2 /* SceneDelegate.swift in Sources */ = {isa = PBXBuildFile; fileRef = 844367792A501C7500A4FAA2 /* SceneDelegate.swift */; };
		8443677C2A501C7500A4FAA2 /* RMTabBarViewController.swift in Sources */ = {isa = PBXBuildFile; fileRef = 8443677B2A501C7500A4FAA2 /* RMTabBarViewController.swift */; };
		844367812A501C7700A4FAA2 /* Assets.xcassets in Resources */ = {isa = PBXBuildFile; fileRef = 844367802A501C7700A4FAA2 /* Assets.xcassets */; };
		844367842A501C7700A4FAA2 /* LaunchScreen.storyboard in Resources */ = {isa = PBXBuildFile; fileRef = 844367822A501C7700A4FAA2 /* LaunchScreen.storyboard */; };
		8443678F2A501C7700A4FAA2 /* RickAndMortyTests.swift in Sources */ = {isa = PBXBuildFile; fileRef = 8443678E2A501C7700A4FAA2 /* RickAndMortyTests.swift */; };
		844367992A501C7700A4FAA2 /* RickAndMortyUITests.swift in Sources */ = {isa = PBXBuildFile; fileRef = 844367982A501C7700A4FAA2 /* RickAndMortyUITests.swift */; };
		8443679B2A501C7700A4FAA2 /* RickAndMortyUITestsLaunchTests.swift in Sources */ = {isa = PBXBuildFile; fileRef = 8443679A2A501C7700A4FAA2 /* RickAndMortyUITestsLaunchTests.swift */; };
		844367B02A501EA700A4FAA2 /* RMLocationModel.swift in Sources */ = {isa = PBXBuildFile; fileRef = 844367AF2A501EA700A4FAA2 /* RMLocationModel.swift */; };
		844367B32A501EBD00A4FAA2 /* RMCharacterModel.swift in Sources */ = {isa = PBXBuildFile; fileRef = 844367B22A501EBD00A4FAA2 /* RMCharacterModel.swift */; };
		844367B62A501EDE00A4FAA2 /* RMEpisodeModel.swift in Sources */ = {isa = PBXBuildFile; fileRef = 844367B52A501EDE00A4FAA2 /* RMEpisodeModel.swift */; };
		844367B92A501F6600A4FAA2 /* RMCharacterViewController.swift in Sources */ = {isa = PBXBuildFile; fileRef = 844367B82A501F6600A4FAA2 /* RMCharacterViewController.swift */; };
		844367BE2A501F9B00A4FAA2 /* RMEpisodeViewController.swift in Sources */ = {isa = PBXBuildFile; fileRef = 844367BD2A501F9B00A4FAA2 /* RMEpisodeViewController.swift */; };
		844367C02A501FA700A4FAA2 /* RMLocationViewController.swift in Sources */ = {isa = PBXBuildFile; fileRef = 844367BF2A501FA700A4FAA2 /* RMLocationViewController.swift */; };
		844367C32A501FD100A4FAA2 /* RMSettingsViewController.swift in Sources */ = {isa = PBXBuildFile; fileRef = 844367C22A501FD100A4FAA2 /* RMSettingsViewController.swift */; };
		84B077782A51180D003C079D /* RMService.swift in Sources */ = {isa = PBXBuildFile; fileRef = 84B077772A51180D003C079D /* RMService.swift */; };
		84B0777A2A51181C003C079D /* RMRequestBuilder.swift in Sources */ = {isa = PBXBuildFile; fileRef = 84B077792A51181C003C079D /* RMRequestBuilder.swift */; };
		84B0777C2A511894003C079D /* RMEndpoint.swift in Sources */ = {isa = PBXBuildFile; fileRef = 84B0777B2A511894003C079D /* RMEndpoint.swift */; };
		84B0777E2A511CB2003C079D /* RMCharacterOriginModel.swift in Sources */ = {isa = PBXBuildFile; fileRef = 84B0777D2A511CB2003C079D /* RMCharacterOriginModel.swift */; };
		84B077802A511CD9003C079D /* RMCharacterLocationModel.swift in Sources */ = {isa = PBXBuildFile; fileRef = 84B0777F2A511CD9003C079D /* RMCharacterLocationModel.swift */; };
		84B077822A511D8C003C079D /* RMCharacterStatusModel.swift in Sources */ = {isa = PBXBuildFile; fileRef = 84B077812A511D8C003C079D /* RMCharacterStatusModel.swift */; };
		84B077842A511DF6003C079D /* RMCharacterGenderModel.swift in Sources */ = {isa = PBXBuildFile; fileRef = 84B077832A511DF6003C079D /* RMCharacterGenderModel.swift */; };
		84B077862A513181003C079D /* RMServiceError.swift in Sources */ = {isa = PBXBuildFile; fileRef = 84B077852A513181003C079D /* RMServiceError.swift */; };
		84B0778A2A5138E8003C079D /* RMGetAllCharactersResponseModel.swift in Sources */ = {isa = PBXBuildFile; fileRef = 84B077892A5138E8003C079D /* RMGetAllCharactersResponseModel.swift */; };
		84B0778E2A513F8E003C079D /* RMCharacterListViewViewModel.swift in Sources */ = {isa = PBXBuildFile; fileRef = 84B0778D2A513F8E003C079D /* RMCharacterListViewViewModel.swift */; };
		84B077912A514012003C079D /* RMCharacterListView.swift in Sources */ = {isa = PBXBuildFile; fileRef = 84B077902A514012003C079D /* RMCharacterListView.swift */; };
		84B077942A5143C5003C079D /* Extensions.swift in Sources */ = {isa = PBXBuildFile; fileRef = 84B077932A5143C5003C079D /* Extensions.swift */; };
		84B077962A514AE5003C079D /* RMCharacterCollectionViewCell.swift in Sources */ = {isa = PBXBuildFile; fileRef = 84B077952A514AE5003C079D /* RMCharacterCollectionViewCell.swift */; };
		84B077982A514BDC003C079D /* RMCharacterCollectionViewCellViewModel.swift in Sources */ = {isa = PBXBuildFile; fileRef = 84B077972A514BDC003C079D /* RMCharacterCollectionViewCellViewModel.swift */; };
		84B0779A2A51634B003C079D /* RMCharacterDetailViewController.swift in Sources */ = {isa = PBXBuildFile; fileRef = 84B077992A51634B003C079D /* RMCharacterDetailViewController.swift */; };
		84B0779C2A5163E8003C079D /* RMCharacterDetailView.swift in Sources */ = {isa = PBXBuildFile; fileRef = 84B0779B2A5163E8003C079D /* RMCharacterDetailView.swift */; };
		84B0779E2A5163FB003C079D /* RMCharacterDetailViewViewModel.swift in Sources */ = {isa = PBXBuildFile; fileRef = 84B0779D2A5163FB003C079D /* RMCharacterDetailViewViewModel.swift */; };
		84B077A12A516B47003C079D /* RMFooterLoadingCollectionReusableView.swift in Sources */ = {isa = PBXBuildFile; fileRef = 84B077A02A516B47003C079D /* RMFooterLoadingCollectionReusableView.swift */; };
/* End PBXBuildFile section */

/* Begin PBXContainerItemProxy section */
		8443678B2A501C7700A4FAA2 /* PBXContainerItemProxy */ = {
			isa = PBXContainerItemProxy;
			containerPortal = 8443676C2A501C7500A4FAA2 /* Project object */;
			proxyType = 1;
			remoteGlobalIDString = 844367732A501C7500A4FAA2;
			remoteInfo = RickAndMorty;
		};
		844367952A501C7700A4FAA2 /* PBXContainerItemProxy */ = {
			isa = PBXContainerItemProxy;
			containerPortal = 8443676C2A501C7500A4FAA2 /* Project object */;
			proxyType = 1;
			remoteGlobalIDString = 844367732A501C7500A4FAA2;
			remoteInfo = RickAndMorty;
		};
/* End PBXContainerItemProxy section */

/* Begin PBXFileReference section */
		844367742A501C7500A4FAA2 /* RickAndMorty.app */ = {isa = PBXFileReference; explicitFileType = wrapper.application; includeInIndex = 0; path = RickAndMorty.app; sourceTree = BUILT_PRODUCTS_DIR; };
		844367772A501C7500A4FAA2 /* AppDelegate.swift */ = {isa = PBXFileReference; lastKnownFileType = sourcecode.swift; path = AppDelegate.swift; sourceTree = "<group>"; };
		844367792A501C7500A4FAA2 /* SceneDelegate.swift */ = {isa = PBXFileReference; lastKnownFileType = sourcecode.swift; path = SceneDelegate.swift; sourceTree = "<group>"; };
		8443677B2A501C7500A4FAA2 /* RMTabBarViewController.swift */ = {isa = PBXFileReference; lastKnownFileType = sourcecode.swift; path = RMTabBarViewController.swift; sourceTree = "<group>"; };
		844367802A501C7700A4FAA2 /* Assets.xcassets */ = {isa = PBXFileReference; lastKnownFileType = folder.assetcatalog; path = Assets.xcassets; sourceTree = "<group>"; };
		844367832A501C7700A4FAA2 /* Base */ = {isa = PBXFileReference; lastKnownFileType = file.storyboard; name = Base; path = Base.lproj/LaunchScreen.storyboard; sourceTree = "<group>"; };
		844367852A501C7700A4FAA2 /* Info.plist */ = {isa = PBXFileReference; lastKnownFileType = text.plist.xml; path = Info.plist; sourceTree = "<group>"; };
		8443678A2A501C7700A4FAA2 /* RickAndMortyTests.xctest */ = {isa = PBXFileReference; explicitFileType = wrapper.cfbundle; includeInIndex = 0; path = RickAndMortyTests.xctest; sourceTree = BUILT_PRODUCTS_DIR; };
		8443678E2A501C7700A4FAA2 /* RickAndMortyTests.swift */ = {isa = PBXFileReference; lastKnownFileType = sourcecode.swift; path = RickAndMortyTests.swift; sourceTree = "<group>"; };
		844367942A501C7700A4FAA2 /* RickAndMortyUITests.xctest */ = {isa = PBXFileReference; explicitFileType = wrapper.cfbundle; includeInIndex = 0; path = RickAndMortyUITests.xctest; sourceTree = BUILT_PRODUCTS_DIR; };
		844367982A501C7700A4FAA2 /* RickAndMortyUITests.swift */ = {isa = PBXFileReference; lastKnownFileType = sourcecode.swift; path = RickAndMortyUITests.swift; sourceTree = "<group>"; };
		8443679A2A501C7700A4FAA2 /* RickAndMortyUITestsLaunchTests.swift */ = {isa = PBXFileReference; lastKnownFileType = sourcecode.swift; path = RickAndMortyUITestsLaunchTests.swift; sourceTree = "<group>"; };
		844367AF2A501EA700A4FAA2 /* RMLocationModel.swift */ = {isa = PBXFileReference; lastKnownFileType = sourcecode.swift; path = RMLocationModel.swift; sourceTree = "<group>"; };
		844367B22A501EBD00A4FAA2 /* RMCharacterModel.swift */ = {isa = PBXFileReference; lastKnownFileType = sourcecode.swift; path = RMCharacterModel.swift; sourceTree = "<group>"; };
		844367B52A501EDE00A4FAA2 /* RMEpisodeModel.swift */ = {isa = PBXFileReference; lastKnownFileType = sourcecode.swift; path = RMEpisodeModel.swift; sourceTree = "<group>"; };
		844367B82A501F6600A4FAA2 /* RMCharacterViewController.swift */ = {isa = PBXFileReference; lastKnownFileType = sourcecode.swift; path = RMCharacterViewController.swift; sourceTree = "<group>"; };
		844367BD2A501F9B00A4FAA2 /* RMEpisodeViewController.swift */ = {isa = PBXFileReference; lastKnownFileType = sourcecode.swift; path = RMEpisodeViewController.swift; sourceTree = "<group>"; };
		844367BF2A501FA700A4FAA2 /* RMLocationViewController.swift */ = {isa = PBXFileReference; lastKnownFileType = sourcecode.swift; path = RMLocationViewController.swift; sourceTree = "<group>"; };
		844367C22A501FD100A4FAA2 /* RMSettingsViewController.swift */ = {isa = PBXFileReference; lastKnownFileType = sourcecode.swift; path = RMSettingsViewController.swift; sourceTree = "<group>"; };
		84B077772A51180D003C079D /* RMService.swift */ = {isa = PBXFileReference; lastKnownFileType = sourcecode.swift; path = RMService.swift; sourceTree = "<group>"; };
		84B077792A51181C003C079D /* RMRequestBuilder.swift */ = {isa = PBXFileReference; lastKnownFileType = sourcecode.swift; path = RMRequestBuilder.swift; sourceTree = "<group>"; };
		84B0777B2A511894003C079D /* RMEndpoint.swift */ = {isa = PBXFileReference; lastKnownFileType = sourcecode.swift; path = RMEndpoint.swift; sourceTree = "<group>"; };
		84B0777D2A511CB2003C079D /* RMCharacterOriginModel.swift */ = {isa = PBXFileReference; lastKnownFileType = sourcecode.swift; path = RMCharacterOriginModel.swift; sourceTree = "<group>"; };
		84B0777F2A511CD9003C079D /* RMCharacterLocationModel.swift */ = {isa = PBXFileReference; lastKnownFileType = sourcecode.swift; path = RMCharacterLocationModel.swift; sourceTree = "<group>"; };
		84B077812A511D8C003C079D /* RMCharacterStatusModel.swift */ = {isa = PBXFileReference; lastKnownFileType = sourcecode.swift; path = RMCharacterStatusModel.swift; sourceTree = "<group>"; };
		84B077832A511DF6003C079D /* RMCharacterGenderModel.swift */ = {isa = PBXFileReference; lastKnownFileType = sourcecode.swift; path = RMCharacterGenderModel.swift; sourceTree = "<group>"; };
		84B077852A513181003C079D /* RMServiceError.swift */ = {isa = PBXFileReference; lastKnownFileType = sourcecode.swift; path = RMServiceError.swift; sourceTree = "<group>"; };
		84B077892A5138E8003C079D /* RMGetAllCharactersResponseModel.swift */ = {isa = PBXFileReference; lastKnownFileType = sourcecode.swift; path = RMGetAllCharactersResponseModel.swift; sourceTree = "<group>"; };
		84B0778D2A513F8E003C079D /* RMCharacterListViewViewModel.swift */ = {isa = PBXFileReference; lastKnownFileType = sourcecode.swift; path = RMCharacterListViewViewModel.swift; sourceTree = "<group>"; };
		84B077902A514012003C079D /* RMCharacterListView.swift */ = {isa = PBXFileReference; lastKnownFileType = sourcecode.swift; path = RMCharacterListView.swift; sourceTree = "<group>"; };
		84B077932A5143C5003C079D /* Extensions.swift */ = {isa = PBXFileReference; lastKnownFileType = sourcecode.swift; path = Extensions.swift; sourceTree = "<group>"; };
		84B077952A514AE5003C079D /* RMCharacterCollectionViewCell.swift */ = {isa = PBXFileReference; lastKnownFileType = sourcecode.swift; path = RMCharacterCollectionViewCell.swift; sourceTree = "<group>"; };
		84B077972A514BDC003C079D /* RMCharacterCollectionViewCellViewModel.swift */ = {isa = PBXFileReference; lastKnownFileType = sourcecode.swift; path = RMCharacterCollectionViewCellViewModel.swift; sourceTree = "<group>"; };
		84B077992A51634B003C079D /* RMCharacterDetailViewController.swift */ = {isa = PBXFileReference; lastKnownFileType = sourcecode.swift; path = RMCharacterDetailViewController.swift; sourceTree = "<group>"; };
		84B0779B2A5163E8003C079D /* RMCharacterDetailView.swift */ = {isa = PBXFileReference; lastKnownFileType = sourcecode.swift; path = RMCharacterDetailView.swift; sourceTree = "<group>"; };
		84B0779D2A5163FB003C079D /* RMCharacterDetailViewViewModel.swift */ = {isa = PBXFileReference; lastKnownFileType = sourcecode.swift; path = RMCharacterDetailViewViewModel.swift; sourceTree = "<group>"; };
		84B077A02A516B47003C079D /* RMFooterLoadingCollectionReusableView.swift */ = {isa = PBXFileReference; lastKnownFileType = sourcecode.swift; path = RMFooterLoadingCollectionReusableView.swift; sourceTree = "<group>"; };
/* End PBXFileReference section */

/* Begin PBXFrameworksBuildPhase section */
		844367712A501C7500A4FAA2 /* Frameworks */ = {
			isa = PBXFrameworksBuildPhase;
			buildActionMask = 2147483647;
			files = (
			);
			runOnlyForDeploymentPostprocessing = 0;
		};
		844367872A501C7700A4FAA2 /* Frameworks */ = {
			isa = PBXFrameworksBuildPhase;
			buildActionMask = 2147483647;
			files = (
			);
			runOnlyForDeploymentPostprocessing = 0;
		};
		844367912A501C7700A4FAA2 /* Frameworks */ = {
			isa = PBXFrameworksBuildPhase;
			buildActionMask = 2147483647;
			files = (
			);
			runOnlyForDeploymentPostprocessing = 0;
		};
/* End PBXFrameworksBuildPhase section */

/* Begin PBXGroup section */
		8443676B2A501C7500A4FAA2 = {
			isa = PBXGroup;
			children = (
				844367762A501C7500A4FAA2 /* RickAndMorty */,
				8443678D2A501C7700A4FAA2 /* RickAndMortyTests */,
				844367972A501C7700A4FAA2 /* RickAndMortyUITests */,
				844367752A501C7500A4FAA2 /* Products */,
			);
			sourceTree = "<group>";
		};
		844367752A501C7500A4FAA2 /* Products */ = {
			isa = PBXGroup;
			children = (
				844367742A501C7500A4FAA2 /* RickAndMorty.app */,
				8443678A2A501C7700A4FAA2 /* RickAndMortyTests.xctest */,
				844367942A501C7700A4FAA2 /* RickAndMortyUITests.xctest */,
			);
			name = Products;
			sourceTree = "<group>";
		};
		844367762A501C7500A4FAA2 /* RickAndMorty */ = {
			isa = PBXGroup;
			children = (
				844367AB2A501E0B00A4FAA2 /* APIClient */,
				844367A72A501DE800A4FAA2 /* Controllers */,
				844367AC2A501E1B00A4FAA2 /* Managers */,
				844367A82A501DF400A4FAA2 /* Models */,
				84B077922A5143A9003C079D /* Resources */,
				844367AA2A501DFE00A4FAA2 /* ViewModels */,
				844367A92A501DF900A4FAA2 /* Views */,
				844367772A501C7500A4FAA2 /* AppDelegate.swift */,
				844367802A501C7700A4FAA2 /* Assets.xcassets */,
				844367852A501C7700A4FAA2 /* Info.plist */,
				844367822A501C7700A4FAA2 /* LaunchScreen.storyboard */,
				844367792A501C7500A4FAA2 /* SceneDelegate.swift */,
			);
			path = RickAndMorty;
			sourceTree = "<group>";
		};
		8443678D2A501C7700A4FAA2 /* RickAndMortyTests */ = {
			isa = PBXGroup;
			children = (
				8443678E2A501C7700A4FAA2 /* RickAndMortyTests.swift */,
			);
			path = RickAndMortyTests;
			sourceTree = "<group>";
		};
		844367972A501C7700A4FAA2 /* RickAndMortyUITests */ = {
			isa = PBXGroup;
			children = (
				844367982A501C7700A4FAA2 /* RickAndMortyUITests.swift */,
				8443679A2A501C7700A4FAA2 /* RickAndMortyUITestsLaunchTests.swift */,
			);
			path = RickAndMortyUITests;
			sourceTree = "<group>";
		};
		844367A72A501DE800A4FAA2 /* Controllers */ = {
			isa = PBXGroup;
			children = (
				844367B72A501F3400A4FAA2 /* Core */,
				844367BB2A501F7700A4FAA2 /* RMCharacters */,
				844367BA2A501F6E00A4FAA2 /* RMEpisodes */,
				844367BC2A501F7F00A4FAA2 /* RMLocations */,
				844367C12A501FBD00A4FAA2 /* RMSettings */,
			);
			path = Controllers;
			sourceTree = "<group>";
		};
		844367A82A501DF400A4FAA2 /* Models */ = {
			isa = PBXGroup;
			children = (
				84B077882A5138BC003C079D /* APIResponseModels */,
				84B077872A5136C7003C079D /* DataModels */,
			);
			path = Models;
			sourceTree = "<group>";
		};
		844367A92A501DF900A4FAA2 /* Views */ = {
			isa = PBXGroup;
			children = (
				84B0779F2A516B2F003C079D /* Core */,
				84B0778F2A513FE3003C079D /* RMCharacterViews */,
			);
			path = Views;
			sourceTree = "<group>";
		};
		844367AA2A501DFE00A4FAA2 /* ViewModels */ = {
			isa = PBXGroup;
			children = (
				84B0778C2A513F5F003C079D /* RMCharacterViewModels */,
			);
			path = ViewModels;
			sourceTree = "<group>";
		};
		844367AB2A501E0B00A4FAA2 /* APIClient */ = {
			isa = PBXGroup;
			children = (
				84B0777B2A511894003C079D /* RMEndpoint.swift */,
				84B077792A51181C003C079D /* RMRequestBuilder.swift */,
				84B077772A51180D003C079D /* RMService.swift */,
				84B077852A513181003C079D /* RMServiceError.swift */,
			);
			path = APIClient;
			sourceTree = "<group>";
		};
		844367AC2A501E1B00A4FAA2 /* Managers */ = {
			isa = PBXGroup;
			children = (
			);
			path = Managers;
			sourceTree = "<group>";
		};
		844367AE2A501E7000A4FAA2 /* RMLocationModels */ = {
			isa = PBXGroup;
			children = (
				844367AF2A501EA700A4FAA2 /* RMLocationModel.swift */,
			);
			path = RMLocationModels;
			sourceTree = "<group>";
		};
		844367B12A501EB000A4FAA2 /* RMCharacterModels */ = {
			isa = PBXGroup;
			children = (
				844367B22A501EBD00A4FAA2 /* RMCharacterModel.swift */,
				84B077832A511DF6003C079D /* RMCharacterGenderModel.swift */,
				84B0777F2A511CD9003C079D /* RMCharacterLocationModel.swift */,
				84B0777D2A511CB2003C079D /* RMCharacterOriginModel.swift */,
				84B077812A511D8C003C079D /* RMCharacterStatusModel.swift */,
			);
			path = RMCharacterModels;
			sourceTree = "<group>";
		};
		844367B42A501ECC00A4FAA2 /* RMEpisodeModels */ = {
			isa = PBXGroup;
			children = (
				844367B52A501EDE00A4FAA2 /* RMEpisodeModel.swift */,
			);
			path = RMEpisodeModels;
			sourceTree = "<group>";
		};
		844367B72A501F3400A4FAA2 /* Core */ = {
			isa = PBXGroup;
			children = (
				8443677B2A501C7500A4FAA2 /* RMTabBarViewController.swift */,
			);
			path = Core;
			sourceTree = "<group>";
		};
		844367BA2A501F6E00A4FAA2 /* RMEpisodes */ = {
			isa = PBXGroup;
			children = (
				844367BD2A501F9B00A4FAA2 /* RMEpisodeViewController.swift */,
			);
			path = RMEpisodes;
			sourceTree = "<group>";
		};
		844367BB2A501F7700A4FAA2 /* RMCharacters */ = {
			isa = PBXGroup;
			children = (
				844367B82A501F6600A4FAA2 /* RMCharacterViewController.swift */,
				84B077992A51634B003C079D /* RMCharacterDetailViewController.swift */,
			);
			path = RMCharacters;
			sourceTree = "<group>";
		};
		844367BC2A501F7F00A4FAA2 /* RMLocations */ = {
			isa = PBXGroup;
			children = (
				844367BF2A501FA700A4FAA2 /* RMLocationViewController.swift */,
			);
			path = RMLocations;
			sourceTree = "<group>";
		};
		844367C12A501FBD00A4FAA2 /* RMSettings */ = {
			isa = PBXGroup;
			children = (
				844367C22A501FD100A4FAA2 /* RMSettingsViewController.swift */,
			);
			path = RMSettings;
			sourceTree = "<group>";
		};
		84B077872A5136C7003C079D /* DataModels */ = {
			isa = PBXGroup;
			children = (
				844367B12A501EB000A4FAA2 /* RMCharacterModels */,
				844367B42A501ECC00A4FAA2 /* RMEpisodeModels */,
				844367AE2A501E7000A4FAA2 /* RMLocationModels */,
			);
			path = DataModels;
			sourceTree = "<group>";
		};
		84B077882A5138BC003C079D /* APIResponseModels */ = {
			isa = PBXGroup;
			children = (
				84B0778B2A51392F003C079D /* RMCharactersResponseModels */,
			);
			path = APIResponseModels;
			sourceTree = "<group>";
		};
		84B0778B2A51392F003C079D /* RMCharactersResponseModels */ = {
			isa = PBXGroup;
			children = (
				84B077892A5138E8003C079D /* RMGetAllCharactersResponseModel.swift */,
			);
			path = RMCharactersResponseModels;
			sourceTree = "<group>";
		};
		84B0778C2A513F5F003C079D /* RMCharacterViewModels */ = {
			isa = PBXGroup;
			children = (
				84B077972A514BDC003C079D /* RMCharacterCollectionViewCellViewModel.swift */,
				84B0778D2A513F8E003C079D /* RMCharacterListViewViewModel.swift */,
				84B0779D2A5163FB003C079D /* RMCharacterDetailViewViewModel.swift */,
			);
			path = RMCharacterViewModels;
			sourceTree = "<group>";
		};
		84B0778F2A513FE3003C079D /* RMCharacterViews */ = {
			isa = PBXGroup;
			children = (
				84B077952A514AE5003C079D /* RMCharacterCollectionViewCell.swift */,
				84B077902A514012003C079D /* RMCharacterListView.swift */,
				84B0779B2A5163E8003C079D /* RMCharacterDetailView.swift */,
			);
			path = RMCharacterViews;
			sourceTree = "<group>";
		};
		84B077922A5143A9003C079D /* Resources */ = {
			isa = PBXGroup;
			children = (
				84B077932A5143C5003C079D /* Extensions.swift */,
			);
			path = Resources;
			sourceTree = "<group>";
		};
		84B0779F2A516B2F003C079D /* Core */ = {
			isa = PBXGroup;
			children = (
				84B077A02A516B47003C079D /* RMFooterLoadingCollectionReusableView.swift */,
			);
			path = Core;
			sourceTree = "<group>";
		};
/* End PBXGroup section */

/* Begin PBXNativeTarget section */
		844367732A501C7500A4FAA2 /* RickAndMorty */ = {
			isa = PBXNativeTarget;
			buildConfigurationList = 8443679E2A501C7700A4FAA2 /* Build configuration list for PBXNativeTarget "RickAndMorty" */;
			buildPhases = (
				844367702A501C7500A4FAA2 /* Sources */,
				844367712A501C7500A4FAA2 /* Frameworks */,
				844367722A501C7500A4FAA2 /* Resources */,
			);
			buildRules = (
			);
			dependencies = (
			);
			name = RickAndMorty;
			productName = RickAndMorty;
			productReference = 844367742A501C7500A4FAA2 /* RickAndMorty.app */;
			productType = "com.apple.product-type.application";
		};
		844367892A501C7700A4FAA2 /* RickAndMortyTests */ = {
			isa = PBXNativeTarget;
			buildConfigurationList = 844367A12A501C7700A4FAA2 /* Build configuration list for PBXNativeTarget "RickAndMortyTests" */;
			buildPhases = (
				844367862A501C7700A4FAA2 /* Sources */,
				844367872A501C7700A4FAA2 /* Frameworks */,
				844367882A501C7700A4FAA2 /* Resources */,
			);
			buildRules = (
			);
			dependencies = (
				8443678C2A501C7700A4FAA2 /* PBXTargetDependency */,
			);
			name = RickAndMortyTests;
			productName = RickAndMortyTests;
			productReference = 8443678A2A501C7700A4FAA2 /* RickAndMortyTests.xctest */;
			productType = "com.apple.product-type.bundle.unit-test";
		};
		844367932A501C7700A4FAA2 /* RickAndMortyUITests */ = {
			isa = PBXNativeTarget;
			buildConfigurationList = 844367A42A501C7700A4FAA2 /* Build configuration list for PBXNativeTarget "RickAndMortyUITests" */;
			buildPhases = (
				844367902A501C7700A4FAA2 /* Sources */,
				844367912A501C7700A4FAA2 /* Frameworks */,
				844367922A501C7700A4FAA2 /* Resources */,
			);
			buildRules = (
			);
			dependencies = (
				844367962A501C7700A4FAA2 /* PBXTargetDependency */,
			);
			name = RickAndMortyUITests;
			productName = RickAndMortyUITests;
			productReference = 844367942A501C7700A4FAA2 /* RickAndMortyUITests.xctest */;
			productType = "com.apple.product-type.bundle.ui-testing";
		};
/* End PBXNativeTarget section */

/* Begin PBXProject section */
		8443676C2A501C7500A4FAA2 /* Project object */ = {
			isa = PBXProject;
			attributes = {
				BuildIndependentTargetsInParallel = 1;
				LastSwiftUpdateCheck = 1430;
				LastUpgradeCheck = 1430;
				TargetAttributes = {
					844367732A501C7500A4FAA2 = {
						CreatedOnToolsVersion = 14.3.1;
					};
					844367892A501C7700A4FAA2 = {
						CreatedOnToolsVersion = 14.3.1;
						TestTargetID = 844367732A501C7500A4FAA2;
					};
					844367932A501C7700A4FAA2 = {
						CreatedOnToolsVersion = 14.3.1;
						TestTargetID = 844367732A501C7500A4FAA2;
					};
				};
			};
			buildConfigurationList = 8443676F2A501C7500A4FAA2 /* Build configuration list for PBXProject "RickAndMorty" */;
			compatibilityVersion = "Xcode 14.0";
			developmentRegion = en;
			hasScannedForEncodings = 0;
			knownRegions = (
				en,
				Base,
			);
			mainGroup = 8443676B2A501C7500A4FAA2;
			productRefGroup = 844367752A501C7500A4FAA2 /* Products */;
			projectDirPath = "";
			projectRoot = "";
			targets = (
				844367732A501C7500A4FAA2 /* RickAndMorty */,
				844367892A501C7700A4FAA2 /* RickAndMortyTests */,
				844367932A501C7700A4FAA2 /* RickAndMortyUITests */,
			);
		};
/* End PBXProject section */

/* Begin PBXResourcesBuildPhase section */
		844367722A501C7500A4FAA2 /* Resources */ = {
			isa = PBXResourcesBuildPhase;
			buildActionMask = 2147483647;
			files = (
				844367842A501C7700A4FAA2 /* LaunchScreen.storyboard in Resources */,
				844367812A501C7700A4FAA2 /* Assets.xcassets in Resources */,
			);
			runOnlyForDeploymentPostprocessing = 0;
		};
		844367882A501C7700A4FAA2 /* Resources */ = {
			isa = PBXResourcesBuildPhase;
			buildActionMask = 2147483647;
			files = (
			);
			runOnlyForDeploymentPostprocessing = 0;
		};
		844367922A501C7700A4FAA2 /* Resources */ = {
			isa = PBXResourcesBuildPhase;
			buildActionMask = 2147483647;
			files = (
			);
			runOnlyForDeploymentPostprocessing = 0;
		};
/* End PBXResourcesBuildPhase section */

/* Begin PBXSourcesBuildPhase section */
		844367702A501C7500A4FAA2 /* Sources */ = {
			isa = PBXSourcesBuildPhase;
			buildActionMask = 2147483647;
			files = (
				84B0778E2A513F8E003C079D /* RMCharacterListViewViewModel.swift in Sources */,
				84B0778A2A5138E8003C079D /* RMGetAllCharactersResponseModel.swift in Sources */,
				84B0777E2A511CB2003C079D /* RMCharacterOriginModel.swift in Sources */,
				844367C02A501FA700A4FAA2 /* RMLocationViewController.swift in Sources */,
				84B077822A511D8C003C079D /* RMCharacterStatusModel.swift in Sources */,
				84B077842A511DF6003C079D /* RMCharacterGenderModel.swift in Sources */,
				844367B62A501EDE00A4FAA2 /* RMEpisodeModel.swift in Sources */,
				8443677C2A501C7500A4FAA2 /* RMTabBarViewController.swift in Sources */,
				844367782A501C7500A4FAA2 /* AppDelegate.swift in Sources */,
				84B077942A5143C5003C079D /* Extensions.swift in Sources */,
				8443677A2A501C7500A4FAA2 /* SceneDelegate.swift in Sources */,
				84B0779A2A51634B003C079D /* RMCharacterDetailViewController.swift in Sources */,
				844367B02A501EA700A4FAA2 /* RMLocationModel.swift in Sources */,
				84B077802A511CD9003C079D /* RMCharacterLocationModel.swift in Sources */,
				84B077912A514012003C079D /* RMCharacterListView.swift in Sources */,
				844367C32A501FD100A4FAA2 /* RMSettingsViewController.swift in Sources */,
				84B0779E2A5163FB003C079D /* RMCharacterDetailViewViewModel.swift in Sources */,
				84B077862A513181003C079D /* RMServiceError.swift in Sources */,
				84B077782A51180D003C079D /* RMService.swift in Sources */,
				84B0779C2A5163E8003C079D /* RMCharacterDetailView.swift in Sources */,
				844367B32A501EBD00A4FAA2 /* RMCharacterModel.swift in Sources */,
				84B0777C2A511894003C079D /* RMEndpoint.swift in Sources */,
				84B077962A514AE5003C079D /* RMCharacterCollectionViewCell.swift in Sources */,
				844367B92A501F6600A4FAA2 /* RMCharacterViewController.swift in Sources */,
				84B077A12A516B47003C079D /* RMFooterLoadingCollectionReusableView.swift in Sources */,
				84B0777A2A51181C003C079D /* RMRequestBuilder.swift in Sources */,
				84B077982A514BDC003C079D /* RMCharacterCollectionViewCellViewModel.swift in Sources */,
				844367BE2A501F9B00A4FAA2 /* RMEpisodeViewController.swift in Sources */,
			);
			runOnlyForDeploymentPostprocessing = 0;
		};
		844367862A501C7700A4FAA2 /* Sources */ = {
			isa = PBXSourcesBuildPhase;
			buildActionMask = 2147483647;
			files = (
				8443678F2A501C7700A4FAA2 /* RickAndMortyTests.swift in Sources */,
			);
			runOnlyForDeploymentPostprocessing = 0;
		};
		844367902A501C7700A4FAA2 /* Sources */ = {
			isa = PBXSourcesBuildPhase;
			buildActionMask = 2147483647;
			files = (
				844367992A501C7700A4FAA2 /* RickAndMortyUITests.swift in Sources */,
				8443679B2A501C7700A4FAA2 /* RickAndMortyUITestsLaunchTests.swift in Sources */,
			);
			runOnlyForDeploymentPostprocessing = 0;
		};
/* End PBXSourcesBuildPhase section */

/* Begin PBXTargetDependency section */
		8443678C2A501C7700A4FAA2 /* PBXTargetDependency */ = {
			isa = PBXTargetDependency;
			target = 844367732A501C7500A4FAA2 /* RickAndMorty */;
			targetProxy = 8443678B2A501C7700A4FAA2 /* PBXContainerItemProxy */;
		};
		844367962A501C7700A4FAA2 /* PBXTargetDependency */ = {
			isa = PBXTargetDependency;
			target = 844367732A501C7500A4FAA2 /* RickAndMorty */;
			targetProxy = 844367952A501C7700A4FAA2 /* PBXContainerItemProxy */;
		};
/* End PBXTargetDependency section */

/* Begin PBXVariantGroup section */
		844367822A501C7700A4FAA2 /* LaunchScreen.storyboard */ = {
			isa = PBXVariantGroup;
			children = (
				844367832A501C7700A4FAA2 /* Base */,
			);
			name = LaunchScreen.storyboard;
			sourceTree = "<group>";
		};
/* End PBXVariantGroup section */

/* Begin XCBuildConfiguration section */
		8443679C2A501C7700A4FAA2 /* Debug */ = {
			isa = XCBuildConfiguration;
			buildSettings = {
				ALWAYS_SEARCH_USER_PATHS = NO;
				CLANG_ANALYZER_NONNULL = YES;
				CLANG_ANALYZER_NUMBER_OBJECT_CONVERSION = YES_AGGRESSIVE;
				CLANG_CXX_LANGUAGE_STANDARD = "gnu++20";
				CLANG_ENABLE_MODULES = YES;
				CLANG_ENABLE_OBJC_ARC = YES;
				CLANG_ENABLE_OBJC_WEAK = YES;
				CLANG_WARN_BLOCK_CAPTURE_AUTORELEASING = YES;
				CLANG_WARN_BOOL_CONVERSION = YES;
				CLANG_WARN_COMMA = YES;
				CLANG_WARN_CONSTANT_CONVERSION = YES;
				CLANG_WARN_DEPRECATED_OBJC_IMPLEMENTATIONS = YES;
				CLANG_WARN_DIRECT_OBJC_ISA_USAGE = YES_ERROR;
				CLANG_WARN_DOCUMENTATION_COMMENTS = YES;
				CLANG_WARN_EMPTY_BODY = YES;
				CLANG_WARN_ENUM_CONVERSION = YES;
				CLANG_WARN_INFINITE_RECURSION = YES;
				CLANG_WARN_INT_CONVERSION = YES;
				CLANG_WARN_NON_LITERAL_NULL_CONVERSION = YES;
				CLANG_WARN_OBJC_IMPLICIT_RETAIN_SELF = YES;
				CLANG_WARN_OBJC_LITERAL_CONVERSION = YES;
				CLANG_WARN_OBJC_ROOT_CLASS = YES_ERROR;
				CLANG_WARN_QUOTED_INCLUDE_IN_FRAMEWORK_HEADER = YES;
				CLANG_WARN_RANGE_LOOP_ANALYSIS = YES;
				CLANG_WARN_STRICT_PROTOTYPES = YES;
				CLANG_WARN_SUSPICIOUS_MOVE = YES;
				CLANG_WARN_UNGUARDED_AVAILABILITY = YES_AGGRESSIVE;
				CLANG_WARN_UNREACHABLE_CODE = YES;
				CLANG_WARN__DUPLICATE_METHOD_MATCH = YES;
				COPY_PHASE_STRIP = NO;
				DEBUG_INFORMATION_FORMAT = dwarf;
				ENABLE_STRICT_OBJC_MSGSEND = YES;
				ENABLE_TESTABILITY = YES;
				GCC_C_LANGUAGE_STANDARD = gnu11;
				GCC_DYNAMIC_NO_PIC = NO;
				GCC_NO_COMMON_BLOCKS = YES;
				GCC_OPTIMIZATION_LEVEL = 0;
				GCC_PREPROCESSOR_DEFINITIONS = (
					"DEBUG=1",
					"$(inherited)",
				);
				GCC_WARN_64_TO_32_BIT_CONVERSION = YES;
				GCC_WARN_ABOUT_RETURN_TYPE = YES_ERROR;
				GCC_WARN_UNDECLARED_SELECTOR = YES;
				GCC_WARN_UNINITIALIZED_AUTOS = YES_AGGRESSIVE;
				GCC_WARN_UNUSED_FUNCTION = YES;
				GCC_WARN_UNUSED_VARIABLE = YES;
				IPHONEOS_DEPLOYMENT_TARGET = 16.4;
				MTL_ENABLE_DEBUG_INFO = INCLUDE_SOURCE;
				MTL_FAST_MATH = YES;
				ONLY_ACTIVE_ARCH = YES;
				SDKROOT = iphoneos;
				SWIFT_ACTIVE_COMPILATION_CONDITIONS = DEBUG;
				SWIFT_OPTIMIZATION_LEVEL = "-Onone";
			};
			name = Debug;
		};
		8443679D2A501C7700A4FAA2 /* Release */ = {
			isa = XCBuildConfiguration;
			buildSettings = {
				ALWAYS_SEARCH_USER_PATHS = NO;
				CLANG_ANALYZER_NONNULL = YES;
				CLANG_ANALYZER_NUMBER_OBJECT_CONVERSION = YES_AGGRESSIVE;
				CLANG_CXX_LANGUAGE_STANDARD = "gnu++20";
				CLANG_ENABLE_MODULES = YES;
				CLANG_ENABLE_OBJC_ARC = YES;
				CLANG_ENABLE_OBJC_WEAK = YES;
				CLANG_WARN_BLOCK_CAPTURE_AUTORELEASING = YES;
				CLANG_WARN_BOOL_CONVERSION = YES;
				CLANG_WARN_COMMA = YES;
				CLANG_WARN_CONSTANT_CONVERSION = YES;
				CLANG_WARN_DEPRECATED_OBJC_IMPLEMENTATIONS = YES;
				CLANG_WARN_DIRECT_OBJC_ISA_USAGE = YES_ERROR;
				CLANG_WARN_DOCUMENTATION_COMMENTS = YES;
				CLANG_WARN_EMPTY_BODY = YES;
				CLANG_WARN_ENUM_CONVERSION = YES;
				CLANG_WARN_INFINITE_RECURSION = YES;
				CLANG_WARN_INT_CONVERSION = YES;
				CLANG_WARN_NON_LITERAL_NULL_CONVERSION = YES;
				CLANG_WARN_OBJC_IMPLICIT_RETAIN_SELF = YES;
				CLANG_WARN_OBJC_LITERAL_CONVERSION = YES;
				CLANG_WARN_OBJC_ROOT_CLASS = YES_ERROR;
				CLANG_WARN_QUOTED_INCLUDE_IN_FRAMEWORK_HEADER = YES;
				CLANG_WARN_RANGE_LOOP_ANALYSIS = YES;
				CLANG_WARN_STRICT_PROTOTYPES = YES;
				CLANG_WARN_SUSPICIOUS_MOVE = YES;
				CLANG_WARN_UNGUARDED_AVAILABILITY = YES_AGGRESSIVE;
				CLANG_WARN_UNREACHABLE_CODE = YES;
				CLANG_WARN__DUPLICATE_METHOD_MATCH = YES;
				COPY_PHASE_STRIP = NO;
				DEBUG_INFORMATION_FORMAT = "dwarf-with-dsym";
				ENABLE_NS_ASSERTIONS = NO;
				ENABLE_STRICT_OBJC_MSGSEND = YES;
				GCC_C_LANGUAGE_STANDARD = gnu11;
				GCC_NO_COMMON_BLOCKS = YES;
				GCC_WARN_64_TO_32_BIT_CONVERSION = YES;
				GCC_WARN_ABOUT_RETURN_TYPE = YES_ERROR;
				GCC_WARN_UNDECLARED_SELECTOR = YES;
				GCC_WARN_UNINITIALIZED_AUTOS = YES_AGGRESSIVE;
				GCC_WARN_UNUSED_FUNCTION = YES;
				GCC_WARN_UNUSED_VARIABLE = YES;
				IPHONEOS_DEPLOYMENT_TARGET = 16.4;
				MTL_ENABLE_DEBUG_INFO = NO;
				MTL_FAST_MATH = YES;
				SDKROOT = iphoneos;
				SWIFT_COMPILATION_MODE = wholemodule;
				SWIFT_OPTIMIZATION_LEVEL = "-O";
				VALIDATE_PRODUCT = YES;
			};
			name = Release;
		};
		8443679F2A501C7700A4FAA2 /* Debug */ = {
			isa = XCBuildConfiguration;
			buildSettings = {
				ASSETCATALOG_COMPILER_APPICON_NAME = AppIcon;
				ASSETCATALOG_COMPILER_GLOBAL_ACCENT_COLOR_NAME = AccentColor;
				CODE_SIGN_STYLE = Automatic;
				CURRENT_PROJECT_VERSION = 1;
				DEVELOPMENT_TEAM = 7YM725KS9R;
				GENERATE_INFOPLIST_FILE = YES;
				INFOPLIST_FILE = RickAndMorty/Info.plist;
				INFOPLIST_KEY_UIApplicationSupportsIndirectInputEvents = YES;
				INFOPLIST_KEY_UILaunchStoryboardName = LaunchScreen;
				INFOPLIST_KEY_UISupportedInterfaceOrientations_iPad = "UIInterfaceOrientationPortrait UIInterfaceOrientationPortraitUpsideDown UIInterfaceOrientationLandscapeLeft UIInterfaceOrientationLandscapeRight";
				INFOPLIST_KEY_UISupportedInterfaceOrientations_iPhone = "UIInterfaceOrientationPortrait UIInterfaceOrientationLandscapeLeft UIInterfaceOrientationLandscapeRight";
				LD_RUNPATH_SEARCH_PATHS = (
					"$(inherited)",
					"@executable_path/Frameworks",
				);
				MARKETING_VERSION = 1.0;
				PRODUCT_BUNDLE_IDENTIFIER = "com.Shane-Monck.RickAndMorty";
				PRODUCT_NAME = "$(TARGET_NAME)";
				SWIFT_EMIT_LOC_STRINGS = YES;
				SWIFT_VERSION = 5.0;
				TARGETED_DEVICE_FAMILY = "1,2";
			};
			name = Debug;
		};
		844367A02A501C7700A4FAA2 /* Release */ = {
			isa = XCBuildConfiguration;
			buildSettings = {
				ASSETCATALOG_COMPILER_APPICON_NAME = AppIcon;
				ASSETCATALOG_COMPILER_GLOBAL_ACCENT_COLOR_NAME = AccentColor;
				CODE_SIGN_STYLE = Automatic;
				CURRENT_PROJECT_VERSION = 1;
				DEVELOPMENT_TEAM = 7YM725KS9R;
				GENERATE_INFOPLIST_FILE = YES;
				INFOPLIST_FILE = RickAndMorty/Info.plist;
				INFOPLIST_KEY_UIApplicationSupportsIndirectInputEvents = YES;
				INFOPLIST_KEY_UILaunchStoryboardName = LaunchScreen;
				INFOPLIST_KEY_UISupportedInterfaceOrientations_iPad = "UIInterfaceOrientationPortrait UIInterfaceOrientationPortraitUpsideDown UIInterfaceOrientationLandscapeLeft UIInterfaceOrientationLandscapeRight";
				INFOPLIST_KEY_UISupportedInterfaceOrientations_iPhone = "UIInterfaceOrientationPortrait UIInterfaceOrientationLandscapeLeft UIInterfaceOrientationLandscapeRight";
				LD_RUNPATH_SEARCH_PATHS = (
					"$(inherited)",
					"@executable_path/Frameworks",
				);
				MARKETING_VERSION = 1.0;
				PRODUCT_BUNDLE_IDENTIFIER = "com.Shane-Monck.RickAndMorty";
				PRODUCT_NAME = "$(TARGET_NAME)";
				SWIFT_EMIT_LOC_STRINGS = YES;
				SWIFT_VERSION = 5.0;
				TARGETED_DEVICE_FAMILY = "1,2";
			};
			name = Release;
		};
		844367A22A501C7700A4FAA2 /* Debug */ = {
			isa = XCBuildConfiguration;
			buildSettings = {
				ALWAYS_EMBED_SWIFT_STANDARD_LIBRARIES = YES;
				BUNDLE_LOADER = "$(TEST_HOST)";
				CODE_SIGN_STYLE = Automatic;
				CURRENT_PROJECT_VERSION = 1;
				DEVELOPMENT_TEAM = 7YM725KS9R;
				GENERATE_INFOPLIST_FILE = YES;
				IPHONEOS_DEPLOYMENT_TARGET = 16.4;
				MARKETING_VERSION = 1.0;
				PRODUCT_BUNDLE_IDENTIFIER = "com.Shane-Monck.RickAndMortyTests";
				PRODUCT_NAME = "$(TARGET_NAME)";
				SWIFT_EMIT_LOC_STRINGS = NO;
				SWIFT_VERSION = 5.0;
				TARGETED_DEVICE_FAMILY = "1,2";
				TEST_HOST = "$(BUILT_PRODUCTS_DIR)/RickAndMorty.app/$(BUNDLE_EXECUTABLE_FOLDER_PATH)/RickAndMorty";
			};
			name = Debug;
		};
		844367A32A501C7700A4FAA2 /* Release */ = {
			isa = XCBuildConfiguration;
			buildSettings = {
				ALWAYS_EMBED_SWIFT_STANDARD_LIBRARIES = YES;
				BUNDLE_LOADER = "$(TEST_HOST)";
				CODE_SIGN_STYLE = Automatic;
				CURRENT_PROJECT_VERSION = 1;
				DEVELOPMENT_TEAM = 7YM725KS9R;
				GENERATE_INFOPLIST_FILE = YES;
				IPHONEOS_DEPLOYMENT_TARGET = 16.4;
				MARKETING_VERSION = 1.0;
				PRODUCT_BUNDLE_IDENTIFIER = "com.Shane-Monck.RickAndMortyTests";
				PRODUCT_NAME = "$(TARGET_NAME)";
				SWIFT_EMIT_LOC_STRINGS = NO;
				SWIFT_VERSION = 5.0;
				TARGETED_DEVICE_FAMILY = "1,2";
				TEST_HOST = "$(BUILT_PRODUCTS_DIR)/RickAndMorty.app/$(BUNDLE_EXECUTABLE_FOLDER_PATH)/RickAndMorty";
			};
			name = Release;
		};
		844367A52A501C7700A4FAA2 /* Debug */ = {
			isa = XCBuildConfiguration;
			buildSettings = {
				ALWAYS_EMBED_SWIFT_STANDARD_LIBRARIES = YES;
				CODE_SIGN_STYLE = Automatic;
				CURRENT_PROJECT_VERSION = 1;
				DEVELOPMENT_TEAM = 7YM725KS9R;
				GENERATE_INFOPLIST_FILE = YES;
				MARKETING_VERSION = 1.0;
				PRODUCT_BUNDLE_IDENTIFIER = "com.Shane-Monck.RickAndMortyUITests";
				PRODUCT_NAME = "$(TARGET_NAME)";
				SWIFT_EMIT_LOC_STRINGS = NO;
				SWIFT_VERSION = 5.0;
				TARGETED_DEVICE_FAMILY = "1,2";
				TEST_TARGET_NAME = RickAndMorty;
			};
			name = Debug;
		};
		844367A62A501C7700A4FAA2 /* Release */ = {
			isa = XCBuildConfiguration;
			buildSettings = {
				ALWAYS_EMBED_SWIFT_STANDARD_LIBRARIES = YES;
				CODE_SIGN_STYLE = Automatic;
				CURRENT_PROJECT_VERSION = 1;
				DEVELOPMENT_TEAM = 7YM725KS9R;
				GENERATE_INFOPLIST_FILE = YES;
				MARKETING_VERSION = 1.0;
				PRODUCT_BUNDLE_IDENTIFIER = "com.Shane-Monck.RickAndMortyUITests";
				PRODUCT_NAME = "$(TARGET_NAME)";
				SWIFT_EMIT_LOC_STRINGS = NO;
				SWIFT_VERSION = 5.0;
				TARGETED_DEVICE_FAMILY = "1,2";
				TEST_TARGET_NAME = RickAndMorty;
			};
			name = Release;
		};
/* End XCBuildConfiguration section */

/* Begin XCConfigurationList section */
		8443676F2A501C7500A4FAA2 /* Build configuration list for PBXProject "RickAndMorty" */ = {
			isa = XCConfigurationList;
			buildConfigurations = (
				8443679C2A501C7700A4FAA2 /* Debug */,
				8443679D2A501C7700A4FAA2 /* Release */,
			);
			defaultConfigurationIsVisible = 0;
			defaultConfigurationName = Release;
		};
		8443679E2A501C7700A4FAA2 /* Build configuration list for PBXNativeTarget "RickAndMorty" */ = {
			isa = XCConfigurationList;
			buildConfigurations = (
				8443679F2A501C7700A4FAA2 /* Debug */,
				844367A02A501C7700A4FAA2 /* Release */,
			);
			defaultConfigurationIsVisible = 0;
			defaultConfigurationName = Release;
		};
		844367A12A501C7700A4FAA2 /* Build configuration list for PBXNativeTarget "RickAndMortyTests" */ = {
			isa = XCConfigurationList;
			buildConfigurations = (
				844367A22A501C7700A4FAA2 /* Debug */,
				844367A32A501C7700A4FAA2 /* Release */,
			);
			defaultConfigurationIsVisible = 0;
			defaultConfigurationName = Release;
		};
		844367A42A501C7700A4FAA2 /* Build configuration list for PBXNativeTarget "RickAndMortyUITests" */ = {
			isa = XCConfigurationList;
			buildConfigurations = (
				844367A52A501C7700A4FAA2 /* Debug */,
				844367A62A501C7700A4FAA2 /* Release */,
			);
			defaultConfigurationIsVisible = 0;
			defaultConfigurationName = Release;
		};
/* End XCConfigurationList section */
	};
	rootObject = 8443676C2A501C7500A4FAA2 /* Project object */;
}
